
Microsoft Visual Studio Solution File, Format Version 12.00
# Visual Studio Version 17
VisualStudioVersion = 17.3.32811.315
MinimumVisualStudioVersion = 10.0.40219.1
Project("{FAE04EC0-301F-11D3-BF4B-00C04F79EFBC}") = "Nasljeđivanje2", "Nasljeđivanje2.csproj", "{E2120272-A2D0-4A94-BB9B-8D532AC31B3D}"
EndProject
Global
	GlobalSection(SolutionConfigurationPlatforms) = preSolution
		Debug|Any CPU = Debug|Any CPU
		Release|Any CPU = Release|Any CPU
	EndGlobalSection
	GlobalSection(ProjectConfigurationPlatforms) = postSolution
		{E2120272-A2D0-4A94-BB9B-8D532AC31B3D}.Debug|Any CPU.ActiveCfg = Debug|Any CPU
		{E2120272-A2D0-4A94-BB9B-8D532AC31B3D}.Debug|Any CPU.Build.0 = Debug|Any CPU
		{E2120272-A2D0-4A94-BB9B-8D532AC31B3D}.Release|Any CPU.ActiveCfg = Release|Any CPU
		{E2120272-A2D0-4A94-BB9B-8D532AC31B3D}.Release|Any CPU.Build.0 = Release|Any CPU
	EndGlobalSection
	GlobalSection(SolutionProperties) = preSolution
		HideSolutionNode = FALSE
	EndGlobalSection
	GlobalSection(ExtensibilityGlobals) = postSolution
		SolutionGuid = {1DC4E867-EF76-4AE8-ACF9-5F12734E1996}
	EndGlobalSection
EndGlobal
